
Microsoft Visual Studio Solution File, Format Version 9.00
# Visual Studio 2005
Project("{8BC9CEB8-8B4A-11D0-8D11-00A0C91BC942}") = "player", "player\player.vcproj", "{0E175BF5-7997-4F54-86ED-40991B4D386A}"
	ProjectSection(ProjectDependencies) = postProject
		{9EC95738-AC9C-4938-A26B-62F215FAD61C} = {9EC95738-AC9C-4938-A26B-62F215FAD61C}
	EndProjectSection
EndProject
Project("{8BC9CEB8-8B4A-11D0-8D11-00A0C91BC942}") = "coreplayer", "coreplayer\coreplayer.vcproj", "{9EC95738-AC9C-4938-A26B-62F215FAD61C}"
	ProjectSection(ProjectDependencies) = postProject
		{3CAD7CEE-D66F-456D-9014-67C10DE6E731} = {3CAD7CEE-D66F-456D-9014-67C10DE6E731}
	EndProjectSection
EndProject
Project("{8BC9CEB8-8B4A-11D0-8D11-00A0C91BC942}") = "corerender", "corerender\corerender.vcproj", "{3CAD7CEE-D66F-456D-9014-67C10DE6E731}"
EndProject
Global
	GlobalSection(SolutionConfigurationPlatforms) = preSolution
		Debug|Win32 = Debug|Win32
		Release|Win32 = Release|Win32
	EndGlobalSection
	GlobalSection(ProjectConfigurationPlatforms) = postSolution
		{0E175BF5-7997-4F54-86ED-40991B4D386A}.Debug|Win32.ActiveCfg = Debug|Win32
		{0E175BF5-7997-4F54-86ED-40991B4D386A}.Debug|Win32.Build.0 = Debug|Win32
		{0E175BF5-7997-4F54-86ED-40991B4D386A}.Release|Win32.ActiveCfg = Release|Win32
		{0E175BF5-7997-4F54-86ED-40991B4D386A}.Release|Win32.Build.0 = Release|Win32
		{9EC95738-AC9C-4938-A26B-62F215FAD61C}.Debug|Win32.ActiveCfg = Debug|Win32
		{9EC95738-AC9C-4938-A26B-62F215FAD61C}.Debug|Win32.Build.0 = Debug|Win32
		{9EC95738-AC9C-4938-A26B-62F215FAD61C}.Release|Win32.ActiveCfg = Release|Win32
		{9EC95738-AC9C-4938-A26B-62F215FAD61C}.Release|Win32.Build.0 = Release|Win32
		{3CAD7CEE-D66F-456D-9014-67C10DE6E731}.Debug|Win32.ActiveCfg = Debug|Win32
		{3CAD7CEE-D66F-456D-9014-67C10DE6E731}.Debug|Win32.Build.0 = Debug|Win32
		{3CAD7CEE-D66F-456D-9014-67C10DE6E731}.Release|Win32.ActiveCfg = Release|Win32
		{3CAD7CEE-D66F-456D-9014-67C10DE6E731}.Release|Win32.Build.0 = Release|Win32
	EndGlobalSection
	GlobalSection(SolutionProperties) = preSolution
		HideSolutionNode = FALSE
	EndGlobalSection
EndGlobal
