
Microsoft Visual Studio Solution File, Format Version 9.00
# Visual Studio 2005
Project("{8BC9CEB8-8B4A-11D0-8D11-00A0C91BC942}") = "ffplayer", "ffplayer\ffplayer.vcproj", "{2537A15B-F975-416D-8106-22CD6EDFCCDE}"
EndProject
Project("{8BC9CEB8-8B4A-11D0-8D11-00A0C91BC942}") = "testplayer", "testplayer\testplayer.vcproj", "{0E175BF5-7997-4F54-86ED-40991B4D386A}"
	ProjectSection(ProjectDependencies) = postProject
		{2537A15B-F975-416D-8106-22CD6EDFCCDE} = {2537A15B-F975-416D-8106-22CD6EDFCCDE}
	EndProjectSection
EndProject
Project("{8BC9CEB8-8B4A-11D0-8D11-00A0C91BC942}") = "ffspliter", "ffspliter\ffspliter.vcproj", "{E1E9BFAC-8EAA-47AB-B176-55E32C1C9487}"
EndProject
Global
	GlobalSection(SolutionConfigurationPlatforms) = preSolution
		Debug|Win32 = Debug|Win32
		Release|Win32 = Release|Win32
	EndGlobalSection
	GlobalSection(ProjectConfigurationPlatforms) = postSolution
		{2537A15B-F975-416D-8106-22CD6EDFCCDE}.Debug|Win32.ActiveCfg = Debug|Win32
		{2537A15B-F975-416D-8106-22CD6EDFCCDE}.Debug|Win32.Build.0 = Debug|Win32
		{2537A15B-F975-416D-8106-22CD6EDFCCDE}.Release|Win32.ActiveCfg = Release|Win32
		{2537A15B-F975-416D-8106-22CD6EDFCCDE}.Release|Win32.Build.0 = Release|Win32
		{0E175BF5-7997-4F54-86ED-40991B4D386A}.Debug|Win32.ActiveCfg = Debug|Win32
		{0E175BF5-7997-4F54-86ED-40991B4D386A}.Debug|Win32.Build.0 = Debug|Win32
		{0E175BF5-7997-4F54-86ED-40991B4D386A}.Release|Win32.ActiveCfg = Release|Win32
		{0E175BF5-7997-4F54-86ED-40991B4D386A}.Release|Win32.Build.0 = Release|Win32
		{E1E9BFAC-8EAA-47AB-B176-55E32C1C9487}.Debug|Win32.ActiveCfg = Debug|Win32
		{E1E9BFAC-8EAA-47AB-B176-55E32C1C9487}.Debug|Win32.Build.0 = Debug|Win32
		{E1E9BFAC-8EAA-47AB-B176-55E32C1C9487}.Release|Win32.ActiveCfg = Release|Win32
		{E1E9BFAC-8EAA-47AB-B176-55E32C1C9487}.Release|Win32.Build.0 = Release|Win32
	EndGlobalSection
	GlobalSection(SolutionProperties) = preSolution
		HideSolutionNode = FALSE
	EndGlobalSection
EndGlobal
